
Microsoft Visual Studio Solution File, Format Version 12.00
# Visual Studio Version 17
VisualStudioVersion = 17.9.34701.34
MinimumVisualStudioVersion = 10.0.40219.1
Project("{9A19103F-16F7-4668-BE54-9A1E7A4F7556}") = "demoIdentityServer", "demoIdentityServer\demoIdentityServer.csproj", "{66687AD3-DC35-4610-A781-4F328D746C9C}"
EndProject
Project("{FAE04EC0-301F-11D3-BF4B-00C04F79EFBC}") = "demoIdentityServer_Service", "demoIdentityServer_Service\demoIdentityServer_Service.csproj", "{F19ED1B8-9DAF-4DF4-9F87-7E0977C751BE}"
EndProject
Global
	GlobalSection(SolutionConfigurationPlatforms) = preSolution
		Debug|Any CPU = Debug|Any CPU
		Release|Any CPU = Release|Any CPU
	EndGlobalSection
	GlobalSection(ProjectConfigurationPlatforms) = postSolution
		{66687AD3-DC35-4610-A781-4F328D746C9C}.Debug|Any CPU.ActiveCfg = Debug|Any CPU
		{66687AD3-DC35-4610-A781-4F328D746C9C}.Debug|Any CPU.Build.0 = Debug|Any CPU
		{66687AD3-DC35-4610-A781-4F328D746C9C}.Release|Any CPU.ActiveCfg = Release|Any CPU
		{66687AD3-DC35-4610-A781-4F328D746C9C}.Release|Any CPU.Build.0 = Release|Any CPU
		{F19ED1B8-9DAF-4DF4-9F87-7E0977C751BE}.Debug|Any CPU.ActiveCfg = Debug|Any CPU
		{F19ED1B8-9DAF-4DF4-9F87-7E0977C751BE}.Debug|Any CPU.Build.0 = Debug|Any CPU
		{F19ED1B8-9DAF-4DF4-9F87-7E0977C751BE}.Release|Any CPU.ActiveCfg = Release|Any CPU
		{F19ED1B8-9DAF-4DF4-9F87-7E0977C751BE}.Release|Any CPU.Build.0 = Release|Any CPU
	EndGlobalSection
	GlobalSection(SolutionProperties) = preSolution
		HideSolutionNode = FALSE
	EndGlobalSection
	GlobalSection(ExtensibilityGlobals) = postSolution
		SolutionGuid = {F23AD3BF-EC2B-4E59-979E-0468FF38C8DD}
	EndGlobalSection
EndGlobal
